Microsoft Visual Studio Solution File, Format Version 12.00
# Visual Studio Version 17
VisualStudioVersion = 17.5.2.0
MinimumVisualStudioVersion = 10.0.40219.1
Project("{FAE04EC0-301F-11D3-BF4B-00C04F79EFBC}") = "TicketTracker", "TicketTracker.csproj", "{EF650966-B961-1C23-77FE-11E7770D4C44}"
EndProject
Global
	GlobalSection(SolutionConfigurationPlatforms) = preSolution
		Debug|Any CPU = Debug|Any CPU
		Release|Any CPU = Release|Any CPU
	EndGlobalSection
	GlobalSection(ProjectConfigurationPlatforms) = postSolution
		{EF650966-B961-1C23-77FE-11E7770D4C44}.Debug|Any CPU.ActiveCfg = Debug|Any CPU
		{EF650966-B961-1C23-77FE-11E7770D4C44}.Debug|Any CPU.Build.0 = Debug|Any CPU
		{EF650966-B961-1C23-77FE-11E7770D4C44}.Release|Any CPU.ActiveCfg = Release|Any CPU
		{EF650966-B961-1C23-77FE-11E7770D4C44}.Release|Any CPU.Build.0 = Release|Any CPU
	EndGlobalSection
	GlobalSection(SolutionProperties) = preSolution
		HideSolutionNode = FALSE
	EndGlobalSection
	GlobalSection(ExtensibilityGlobals) = postSolution
		SolutionGuid = {F39DC18E-02DC-48E2-A66A-65FD0288416F}
	EndGlobalSection
EndGlobal
